
Microsoft Visual Studio Solution File, Format Version 12.00
# Visual Studio Version 16
VisualStudioVersion = 16.0.30011.22
MinimumVisualStudioVersion = 10.0.40219.1
Project("{9A19103F-16F7-4668-BE54-9A1E7A4F7556}") = "wu-scrapper", "wu-scrapper.csproj", "{50742FD9-E530-477F-949A-DA828C1236D2}"
EndProject
Global
	GlobalSection(SolutionConfigurationPlatforms) = preSolution
		Debug|Any CPU = Debug|Any CPU
		Release|Any CPU = Release|Any CPU
	EndGlobalSection
	GlobalSection(ProjectConfigurationPlatforms) = postSolution
		{50742FD9-E530-477F-949A-DA828C1236D2}.Debug|Any CPU.ActiveCfg = Debug|Any CPU
		{50742FD9-E530-477F-949A-DA828C1236D2}.Debug|Any CPU.Build.0 = Debug|Any CPU
		{50742FD9-E530-477F-949A-DA828C1236D2}.Release|Any CPU.ActiveCfg = Release|Any CPU
		{50742FD9-E530-477F-949A-DA828C1236D2}.Release|Any CPU.Build.0 = Release|Any CPU
	EndGlobalSection
	GlobalSection(SolutionProperties) = preSolution
		HideSolutionNode = FALSE
	EndGlobalSection
	GlobalSection(ExtensibilityGlobals) = postSolution
		SolutionGuid = {BB36C78D-0E32-4653-858C-D6FE66F38D0E}
	EndGlobalSection
EndGlobal
